
Microsoft Visual Studio Solution File, Format Version 12.00
# Visual Studio Version 17
VisualStudioVersion = 17.3.32922.545
MinimumVisualStudioVersion = 10.0.40219.1
Project("{E53339B2-1760-4266-BCC7-CA923CBCF16C}") = "docker-compose", "docker-compose.dcproj", "{E7E4F38C-D0A2-46CF-ABFB-A5C3C5A481FE}"
EndProject
Project("{9A19103F-16F7-4668-BE54-9A1E7A4F7556}") = "Alerts.UI", "src\Web\alerts-ui\Alerts.UI.csproj", "{8F8F4F5C-8853-43B4-B1D1-8C32C5447AC0}"
EndProject
Project("{9A19103F-16F7-4668-BE54-9A1E7A4F7556}") = "Alerts.API", "src\Services\Alerts\API\Alerts.API.csproj", "{143BE7C0-C8F1-4516-9540-D571F1382849}"
EndProject
Project("{9A19103F-16F7-4668-BE54-9A1E7A4F7556}") = "Alerts.Test", "src\Services\Alerts\Tests\Alerts.Test.csproj", "{E1F5F275-8CFF-47C2-B2B1-FD77330FB6B6}"
EndProject
Project("{9A19103F-16F7-4668-BE54-9A1E7A4F7556}") = "Files.Management", "src\Services\Files\Management\Files.Management.csproj", "{FC68E076-AD3B-4B06-8055-50B0AD0EFF28}"
EndProject
Project("{9A19103F-16F7-4668-BE54-9A1E7A4F7556}") = "Files.MinIOInfraestructure", "src\Services\Files\MinIO\Files.MinIOInfraestructure.csproj", "{CA63DC21-1BAC-4F78-8421-55664D5D083F}"
EndProject
Project("{9A19103F-16F7-4668-BE54-9A1E7A4F7556}") = "Files.Contracts", "src\Services\Files\Contracts\Files.Contracts.csproj", "{F933CFE8-BB71-48B3-B5FD-7B8FF9D6FC9B}"
EndProject
Project("{9A19103F-16F7-4668-BE54-9A1E7A4F7556}") = "RulesEngine", "src\Services\Alerts\RulesEngine\RulesEngine.csproj", "{CEE48022-2172-4694-997D-524338CC4A78}"
EndProject
Global
	GlobalSection(SolutionConfigurationPlatforms) = preSolution
		Debug|Any CPU = Debug|Any CPU
		Release|Any CPU = Release|Any CPU
	EndGlobalSection
	GlobalSection(ProjectConfigurationPlatforms) = postSolution
		{E7E4F38C-D0A2-46CF-ABFB-A5C3C5A481FE}.Debug|Any CPU.ActiveCfg = Debug|Any CPU
		{E7E4F38C-D0A2-46CF-ABFB-A5C3C5A481FE}.Debug|Any CPU.Build.0 = Debug|Any CPU
		{E7E4F38C-D0A2-46CF-ABFB-A5C3C5A481FE}.Release|Any CPU.ActiveCfg = Release|Any CPU
		{E7E4F38C-D0A2-46CF-ABFB-A5C3C5A481FE}.Release|Any CPU.Build.0 = Release|Any CPU
		{8F8F4F5C-8853-43B4-B1D1-8C32C5447AC0}.Debug|Any CPU.ActiveCfg = Debug|Any CPU
		{8F8F4F5C-8853-43B4-B1D1-8C32C5447AC0}.Debug|Any CPU.Build.0 = Debug|Any CPU
		{8F8F4F5C-8853-43B4-B1D1-8C32C5447AC0}.Release|Any CPU.ActiveCfg = Release|Any CPU
		{8F8F4F5C-8853-43B4-B1D1-8C32C5447AC0}.Release|Any CPU.Build.0 = Release|Any CPU
		{143BE7C0-C8F1-4516-9540-D571F1382849}.Debug|Any CPU.ActiveCfg = Debug|Any CPU
		{143BE7C0-C8F1-4516-9540-D571F1382849}.Debug|Any CPU.Build.0 = Debug|Any CPU
		{143BE7C0-C8F1-4516-9540-D571F1382849}.Release|Any CPU.ActiveCfg = Release|Any CPU
		{143BE7C0-C8F1-4516-9540-D571F1382849}.Release|Any CPU.Build.0 = Release|Any CPU
		{E1F5F275-8CFF-47C2-B2B1-FD77330FB6B6}.Debug|Any CPU.ActiveCfg = Debug|Any CPU
		{E1F5F275-8CFF-47C2-B2B1-FD77330FB6B6}.Debug|Any CPU.Build.0 = Debug|Any CPU
		{E1F5F275-8CFF-47C2-B2B1-FD77330FB6B6}.Release|Any CPU.ActiveCfg = Release|Any CPU
		{E1F5F275-8CFF-47C2-B2B1-FD77330FB6B6}.Release|Any CPU.Build.0 = Release|Any CPU
		{FC68E076-AD3B-4B06-8055-50B0AD0EFF28}.Debug|Any CPU.ActiveCfg = Debug|Any CPU
		{FC68E076-AD3B-4B06-8055-50B0AD0EFF28}.Debug|Any CPU.Build.0 = Debug|Any CPU
		{FC68E076-AD3B-4B06-8055-50B0AD0EFF28}.Release|Any CPU.ActiveCfg = Release|Any CPU
		{FC68E076-AD3B-4B06-8055-50B0AD0EFF28}.Release|Any CPU.Build.0 = Release|Any CPU
		{CA63DC21-1BAC-4F78-8421-55664D5D083F}.Debug|Any CPU.ActiveCfg = Debug|Any CPU
		{CA63DC21-1BAC-4F78-8421-55664D5D083F}.Debug|Any CPU.Build.0 = Debug|Any CPU
		{CA63DC21-1BAC-4F78-8421-55664D5D083F}.Release|Any CPU.ActiveCfg = Release|Any CPU
		{CA63DC21-1BAC-4F78-8421-55664D5D083F}.Release|Any CPU.Build.0 = Release|Any CPU
		{F933CFE8-BB71-48B3-B5FD-7B8FF9D6FC9B}.Debug|Any CPU.ActiveCfg = Debug|Any CPU
		{F933CFE8-BB71-48B3-B5FD-7B8FF9D6FC9B}.Debug|Any CPU.Build.0 = Debug|Any CPU
		{F933CFE8-BB71-48B3-B5FD-7B8FF9D6FC9B}.Release|Any CPU.ActiveCfg = Release|Any CPU
		{F933CFE8-BB71-48B3-B5FD-7B8FF9D6FC9B}.Release|Any CPU.Build.0 = Release|Any CPU
		{CEE48022-2172-4694-997D-524338CC4A78}.Debug|Any CPU.ActiveCfg = Debug|Any CPU
		{CEE48022-2172-4694-997D-524338CC4A78}.Debug|Any CPU.Build.0 = Debug|Any CPU
		{CEE48022-2172-4694-997D-524338CC4A78}.Release|Any CPU.ActiveCfg = Release|Any CPU
		{CEE48022-2172-4694-997D-524338CC4A78}.Release|Any CPU.Build.0 = Release|Any CPU
	EndGlobalSection
	GlobalSection(SolutionProperties) = preSolution
		HideSolutionNode = FALSE
	EndGlobalSection
	GlobalSection(ExtensibilityGlobals) = postSolution
		SolutionGuid = {5A109B8A-CD83-473E-B275-9BF21FC7ADA4}
	EndGlobalSection
EndGlobal
