
Microsoft Visual Studio Solution File, Format Version 12.00
# Visual Studio Version 17
VisualStudioVersion = 17.3.32922.545
MinimumVisualStudioVersion = 10.0.40219.1
Project("{9A19103F-16F7-4668-BE54-9A1E7A4F7556}") = "MyFrontEnd", "src\Web\MyFrontEnd\MyFrontEnd.csproj", "{C70ADD6A-E496-4A46-A85F-199CFCDCEE3A}"
EndProject
Project("{E53339B2-1760-4266-BCC7-CA923CBCF16C}") = "docker-compose", "docker-compose.dcproj", "{E7E4F38C-D0A2-46CF-ABFB-A5C3C5A481FE}"
EndProject
Project("{9A19103F-16F7-4668-BE54-9A1E7A4F7556}") = "Alerts.API", "src\Services\Alerts\Alerts.API\Alerts.API.csproj", "{D0CCD2C3-BF0C-443B-A9C0-F96DE0299922}"
EndProject
Global
	GlobalSection(SolutionConfigurationPlatforms) = preSolution
		Debug|Any CPU = Debug|Any CPU
		Release|Any CPU = Release|Any CPU
	EndGlobalSection
	GlobalSection(ProjectConfigurationPlatforms) = postSolution
		{C70ADD6A-E496-4A46-A85F-199CFCDCEE3A}.Debug|Any CPU.ActiveCfg = Debug|Any CPU
		{C70ADD6A-E496-4A46-A85F-199CFCDCEE3A}.Debug|Any CPU.Build.0 = Debug|Any CPU
		{C70ADD6A-E496-4A46-A85F-199CFCDCEE3A}.Release|Any CPU.ActiveCfg = Release|Any CPU
		{C70ADD6A-E496-4A46-A85F-199CFCDCEE3A}.Release|Any CPU.Build.0 = Release|Any CPU
		{E7E4F38C-D0A2-46CF-ABFB-A5C3C5A481FE}.Debug|Any CPU.ActiveCfg = Debug|Any CPU
		{E7E4F38C-D0A2-46CF-ABFB-A5C3C5A481FE}.Debug|Any CPU.Build.0 = Debug|Any CPU
		{E7E4F38C-D0A2-46CF-ABFB-A5C3C5A481FE}.Release|Any CPU.ActiveCfg = Release|Any CPU
		{E7E4F38C-D0A2-46CF-ABFB-A5C3C5A481FE}.Release|Any CPU.Build.0 = Release|Any CPU
		{D0CCD2C3-BF0C-443B-A9C0-F96DE0299922}.Debug|Any CPU.ActiveCfg = Debug|Any CPU
		{D0CCD2C3-BF0C-443B-A9C0-F96DE0299922}.Debug|Any CPU.Build.0 = Debug|Any CPU
		{D0CCD2C3-BF0C-443B-A9C0-F96DE0299922}.Release|Any CPU.ActiveCfg = Release|Any CPU
		{D0CCD2C3-BF0C-443B-A9C0-F96DE0299922}.Release|Any CPU.Build.0 = Release|Any CPU
	EndGlobalSection
	GlobalSection(SolutionProperties) = preSolution
		HideSolutionNode = FALSE
	EndGlobalSection
	GlobalSection(ExtensibilityGlobals) = postSolution
		SolutionGuid = {5A109B8A-CD83-473E-B275-9BF21FC7ADA4}
	EndGlobalSection
EndGlobal
