
Microsoft Visual Studio Solution File, Format Version 12.00
# Visual Studio Version 17
VisualStudioVersion = 17.3.32901.215
MinimumVisualStudioVersion = 10.0.40219.1
Project("{9A19103F-16F7-4668-BE54-9A1E7A4F7556}") = "MyFrontEnd", "MyFrontEnd\MyFrontEnd.csproj", "{3B02018D-9859-426F-919D-43F9E7A11711}"
EndProject
Project("{9A19103F-16F7-4668-BE54-9A1E7A4F7556}") = "MyBackEnd", "MyBackEnd\MyBackEnd.csproj", "{D83BA8FE-5182-4D07-B921-BC213497E8FE}"
EndProject
Global
	GlobalSection(SolutionConfigurationPlatforms) = preSolution
		Debug|Any CPU = Debug|Any CPU
		Release|Any CPU = Release|Any CPU
	EndGlobalSection
	GlobalSection(ProjectConfigurationPlatforms) = postSolution
		{3B02018D-9859-426F-919D-43F9E7A11711}.Debug|Any CPU.ActiveCfg = Debug|Any CPU
		{3B02018D-9859-426F-919D-43F9E7A11711}.Debug|Any CPU.Build.0 = Debug|Any CPU
		{3B02018D-9859-426F-919D-43F9E7A11711}.Release|Any CPU.ActiveCfg = Release|Any CPU
		{3B02018D-9859-426F-919D-43F9E7A11711}.Release|Any CPU.Build.0 = Release|Any CPU
		{D83BA8FE-5182-4D07-B921-BC213497E8FE}.Debug|Any CPU.ActiveCfg = Debug|Any CPU
		{D83BA8FE-5182-4D07-B921-BC213497E8FE}.Debug|Any CPU.Build.0 = Debug|Any CPU
		{D83BA8FE-5182-4D07-B921-BC213497E8FE}.Release|Any CPU.ActiveCfg = Release|Any CPU
		{D83BA8FE-5182-4D07-B921-BC213497E8FE}.Release|Any CPU.Build.0 = Release|Any CPU
	EndGlobalSection
	GlobalSection(SolutionProperties) = preSolution
		HideSolutionNode = FALSE
	EndGlobalSection
	GlobalSection(ExtensibilityGlobals) = postSolution
		SolutionGuid = {DFFBA473-DC8B-4D94-9EC3-8A81AA3322D6}
	EndGlobalSection
EndGlobal
